{
    "_readme": [
        "This file locks the dependencies of your project to a known state",
        "Read more about it at https://getcomposer.org/doc/01-basic-usage.md#composer-lock-the-lock-file",
        "This file is @generated automatically"
    ],
    "content-hash": "0b5e0f1f0a0f0a7b75741ce8621369d6",
    "packages": [
        {
            "name": "moltin/php-sdk",
            "version": "1.3",
            "source": {
                "type": "git",
                "url": "https://github.com/moltin/php-sdk.git",
                "reference": "afae15287bc45f9cfbba69714a81a1d3d2a467a5"
            },
            "dist": {
                "type": "zip",
                "url": "https://api.github.com/repos/moltin/php-sdk/zipball/afae15287bc45f9cfbba69714a81a1d3d2a467a5",
                "reference": "afae15287bc45f9cfbba69714a81a1d3d2a467a5",
                "shasum": ""
            },
            "require": {
                "php": ">=5.3.0"
            },
            "require-dev": {
                "phpunit/phpunit": "^4.0"
            },
            "type": "library",
            "autoload": {
                "psr-4": {
                    "Moltin\\SDK\\": "src/"
                }
            },
            "notification-url": "https://packagist.org/downloads/",
            "authors": [
                {
                    "name": "Moltin Ltd",
                    "email": "support@molt.in",
                    "homepage": "http://molt.in",
                    "role": "Vendor"
                }
            ],
            "description": "The Moltin php-sdk is a simple to use interface for the API to help you get off the ground quickly and efficiently",
            "time": "2016-05-17T10:06:06+00:00"
        }
    ],
    "packages-dev": [],
    "aliases": [],
    "minimum-stability": "stable",
    "stability-flags": [],
    "prefer-stable": false,
    "prefer-lowest": false,
    "platform": [],
    "platform-dev": []
}
